
Microsoft Visual Studio Solution File, Format Version 12.00
# Visual Studio 14
VisualStudioVersion = 14.0.25420.1
MinimumVisualStudioVersion = 10.0.40219.1
Project("{FAE04EC0-301F-11D3-BF4B-00C04F79EFBC}") = "TerrainGenerator", "TerrainGenerator\TerrainGenerator.csproj", "{0191C305-B162-4976-BF07-65A47614B202}"
EndProject
Project("{FAE04EC0-301F-11D3-BF4B-00C04F79EFBC}") = "PerlinTest", "PerlinTest\PerlinTest.csproj", "{FE27D160-2747-440F-8AE7-1020DE0C7613}"
EndProject
Project("{FAE04EC0-301F-11D3-BF4B-00C04F79EFBC}") = "InsightEngine", "InsightEngine\InsightEngine.csproj", "{A40181CE-446A-49E3-9346-B0721F75B6A6}"
EndProject
Global
	GlobalSection(SolutionConfigurationPlatforms) = preSolution
		Debug|Any CPU = Debug|Any CPU
		Release|Any CPU = Release|Any CPU
	EndGlobalSection
	GlobalSection(ProjectConfigurationPlatforms) = postSolution
		{0191C305-B162-4976-BF07-65A47614B202}.Debug|Any CPU.ActiveCfg = Debug|Any CPU
		{0191C305-B162-4976-BF07-65A47614B202}.Debug|Any CPU.Build.0 = Debug|Any CPU
		{0191C305-B162-4976-BF07-65A47614B202}.Release|Any CPU.ActiveCfg = Release|Any CPU
		{0191C305-B162-4976-BF07-65A47614B202}.Release|Any CPU.Build.0 = Release|Any CPU
		{FE27D160-2747-440F-8AE7-1020DE0C7613}.Debug|Any CPU.ActiveCfg = Debug|Any CPU
		{FE27D160-2747-440F-8AE7-1020DE0C7613}.Debug|Any CPU.Build.0 = Debug|Any CPU
		{FE27D160-2747-440F-8AE7-1020DE0C7613}.Release|Any CPU.ActiveCfg = Release|Any CPU
		{FE27D160-2747-440F-8AE7-1020DE0C7613}.Release|Any CPU.Build.0 = Release|Any CPU
		{A40181CE-446A-49E3-9346-B0721F75B6A6}.Debug|Any CPU.ActiveCfg = Debug|Any CPU
		{A40181CE-446A-49E3-9346-B0721F75B6A6}.Debug|Any CPU.Build.0 = Debug|Any CPU
		{A40181CE-446A-49E3-9346-B0721F75B6A6}.Release|Any CPU.ActiveCfg = Release|Any CPU
		{A40181CE-446A-49E3-9346-B0721F75B6A6}.Release|Any CPU.Build.0 = Release|Any CPU
	EndGlobalSection
	GlobalSection(SolutionProperties) = preSolution
		HideSolutionNode = FALSE
	EndGlobalSection
	GlobalSection(ExtensibilityGlobals) = postSolution
		SolutionGuid = {72829E50-E639-42BA-B8EE-294BEF08AA92}
	EndGlobalSection
EndGlobal
